
Microsoft Visual Studio Solution File, Format Version 12.00
# Visual Studio Version 16
VisualStudioVersion = 16.0.32929.386
MinimumVisualStudioVersion = 10.0.40219.1
Project("{FAE04EC0-301F-11D3-BF4B-00C04F79EFBC}") = "NgeeAnnCity", "NgeeAnnCity\NgeeAnnCity.csproj", "{03FC90FF-1202-4311-B707-CAF31FE065C3}"
EndProject
Global
	GlobalSection(SolutionConfigurationPlatforms) = preSolution
		Debug|Any CPU = Debug|Any CPU
		Release|Any CPU = Release|Any CPU
	EndGlobalSection
	GlobalSection(ProjectConfigurationPlatforms) = postSolution
		{03FC90FF-1202-4311-B707-CAF31FE065C3}.Debug|Any CPU.ActiveCfg = Debug|Any CPU
		{03FC90FF-1202-4311-B707-CAF31FE065C3}.Debug|Any CPU.Build.0 = Debug|Any CPU
		{03FC90FF-1202-4311-B707-CAF31FE065C3}.Release|Any CPU.ActiveCfg = Release|Any CPU
		{03FC90FF-1202-4311-B707-CAF31FE065C3}.Release|Any CPU.Build.0 = Release|Any CPU
	EndGlobalSection
	GlobalSection(SolutionProperties) = preSolution
		HideSolutionNode = FALSE
	EndGlobalSection
	GlobalSection(ExtensibilityGlobals) = postSolution
		SolutionGuid = {DF01BA48-64D6-401E-B592-D36ACEA1D057}
	EndGlobalSection
EndGlobal
